
Microsoft Visual Studio Solution File, Format Version 12.00
# Visual Studio Version 17
VisualStudioVersion = 17.2.32519.379
MinimumVisualStudioVersion = 10.0.40219.1
Project("{9A19103F-16F7-4668-BE54-9A1E7A4F7556}") = "PWA-WENC", "PWA-WENC\PWA-WENC.csproj", "{79D0A64A-8451-4464-AEF9-914E5807FA51}"
EndProject
Global
	GlobalSection(SolutionConfigurationPlatforms) = preSolution
		Debug|Any CPU = Debug|Any CPU
		Release|Any CPU = Release|Any CPU
	EndGlobalSection
	GlobalSection(ProjectConfigurationPlatforms) = postSolution
		{79D0A64A-8451-4464-AEF9-914E5807FA51}.Debug|Any CPU.ActiveCfg = Debug|Any CPU
		{79D0A64A-8451-4464-AEF9-914E5807FA51}.Debug|Any CPU.Build.0 = Debug|Any CPU
		{79D0A64A-8451-4464-AEF9-914E5807FA51}.Release|Any CPU.ActiveCfg = Release|Any CPU
		{79D0A64A-8451-4464-AEF9-914E5807FA51}.Release|Any CPU.Build.0 = Release|Any CPU
	EndGlobalSection
	GlobalSection(SolutionProperties) = preSolution
		HideSolutionNode = FALSE
	EndGlobalSection
	GlobalSection(ExtensibilityGlobals) = postSolution
		SolutionGuid = {FBA0D449-F64B-4C37-BCD5-6F3C5FEECE0F}
	EndGlobalSection
EndGlobal
